
Microsoft Visual Studio Solution File, Format Version 12.00
# Visual Studio Version 16
VisualStudioVersion = 25.0.1703.5
MinimumVisualStudioVersion = 10.0.40219.1
Project("{FAE04EC0-301F-11D3-BF4B-00C04F79EFBC}") = "helloSoftUni", "helloSoftUni\helloSoftUni.csproj", "{97780795-81E0-4B7F-AD87-3874CBBF1745}"
EndProject
Project("{FAE04EC0-301F-11D3-BF4B-00C04F79EFBC}") = "Nums1To10", "Nums1To10\Nums1To10.csproj", "{5CED5177-0A61-4E16-A28C-245AB0F7F9BF}"
EndProject
Project("{FAE04EC0-301F-11D3-BF4B-00C04F79EFBC}") = "RectangleArea", "RectangleArea\RectangleArea.csproj", "{8C5FA62D-D3F0-48DE-8683-92014F75C0A7}"
EndProject
Project("{FAE04EC0-301F-11D3-BF4B-00C04F79EFBC}") = "inchesToCm", "inchesToCm\inchesToCm.csproj", "{674F9D53-8396-45C2-BFD2-40447C62E5D8}"
EndProject
Project("{FAE04EC0-301F-11D3-BF4B-00C04F79EFBC}") = "helloName", "helloName\helloName.csproj", "{F86DCDED-277E-4752-B14B-58C204AAE8A9}"
EndProject
Project("{FAE04EC0-301F-11D3-BF4B-00C04F79EFBC}") = "concatenateData", "concatenateData\concatenateData.csproj", "{15E4EBB7-54B0-41BE-95E3-67EFD107A3CD}"
EndProject
Project("{FAE04EC0-301F-11D3-BF4B-00C04F79EFBC}") = "projectCreation", "projectCreation\projectCreation.csproj", "{68944397-56A6-4073-A331-843513F19943}"
EndProject
Project("{FAE04EC0-301F-11D3-BF4B-00C04F79EFBC}") = "petShop", "petShop\petShop.csproj", "{FDC6D920-1651-4D45-A354-1274F6484AEE}"
EndProject
Project("{FAE04EC0-301F-11D3-BF4B-00C04F79EFBC}") = "yardGreening", "yardGreening\yardGreening.csproj", "{3FF515F3-C435-46CB-9CDE-1AA7C0B87725}"
EndProject
Global
	GlobalSection(SolutionConfigurationPlatforms) = preSolution
		Debug|Any CPU = Debug|Any CPU
		Release|Any CPU = Release|Any CPU
	EndGlobalSection
	GlobalSection(ProjectConfigurationPlatforms) = postSolution
		{97780795-81E0-4B7F-AD87-3874CBBF1745}.Debug|Any CPU.ActiveCfg = Debug|Any CPU
		{97780795-81E0-4B7F-AD87-3874CBBF1745}.Debug|Any CPU.Build.0 = Debug|Any CPU
		{97780795-81E0-4B7F-AD87-3874CBBF1745}.Release|Any CPU.ActiveCfg = Release|Any CPU
		{97780795-81E0-4B7F-AD87-3874CBBF1745}.Release|Any CPU.Build.0 = Release|Any CPU
		{5CED5177-0A61-4E16-A28C-245AB0F7F9BF}.Debug|Any CPU.ActiveCfg = Debug|Any CPU
		{5CED5177-0A61-4E16-A28C-245AB0F7F9BF}.Debug|Any CPU.Build.0 = Debug|Any CPU
		{5CED5177-0A61-4E16-A28C-245AB0F7F9BF}.Release|Any CPU.ActiveCfg = Release|Any CPU
		{5CED5177-0A61-4E16-A28C-245AB0F7F9BF}.Release|Any CPU.Build.0 = Release|Any CPU
		{8C5FA62D-D3F0-48DE-8683-92014F75C0A7}.Debug|Any CPU.ActiveCfg = Debug|Any CPU
		{8C5FA62D-D3F0-48DE-8683-92014F75C0A7}.Debug|Any CPU.Build.0 = Debug|Any CPU
		{8C5FA62D-D3F0-48DE-8683-92014F75C0A7}.Release|Any CPU.ActiveCfg = Release|Any CPU
		{8C5FA62D-D3F0-48DE-8683-92014F75C0A7}.Release|Any CPU.Build.0 = Release|Any CPU
		{674F9D53-8396-45C2-BFD2-40447C62E5D8}.Debug|Any CPU.ActiveCfg = Debug|Any CPU
		{674F9D53-8396-45C2-BFD2-40447C62E5D8}.Debug|Any CPU.Build.0 = Debug|Any CPU
		{674F9D53-8396-45C2-BFD2-40447C62E5D8}.Release|Any CPU.ActiveCfg = Release|Any CPU
		{674F9D53-8396-45C2-BFD2-40447C62E5D8}.Release|Any CPU.Build.0 = Release|Any CPU
		{F86DCDED-277E-4752-B14B-58C204AAE8A9}.Debug|Any CPU.ActiveCfg = Debug|Any CPU
		{F86DCDED-277E-4752-B14B-58C204AAE8A9}.Debug|Any CPU.Build.0 = Debug|Any CPU
		{F86DCDED-277E-4752-B14B-58C204AAE8A9}.Release|Any CPU.ActiveCfg = Release|Any CPU
		{F86DCDED-277E-4752-B14B-58C204AAE8A9}.Release|Any CPU.Build.0 = Release|Any CPU
		{15E4EBB7-54B0-41BE-95E3-67EFD107A3CD}.Debug|Any CPU.ActiveCfg = Debug|Any CPU
		{15E4EBB7-54B0-41BE-95E3-67EFD107A3CD}.Debug|Any CPU.Build.0 = Debug|Any CPU
		{15E4EBB7-54B0-41BE-95E3-67EFD107A3CD}.Release|Any CPU.ActiveCfg = Release|Any CPU
		{15E4EBB7-54B0-41BE-95E3-67EFD107A3CD}.Release|Any CPU.Build.0 = Release|Any CPU
		{68944397-56A6-4073-A331-843513F19943}.Debug|Any CPU.ActiveCfg = Debug|Any CPU
		{68944397-56A6-4073-A331-843513F19943}.Debug|Any CPU.Build.0 = Debug|Any CPU
		{68944397-56A6-4073-A331-843513F19943}.Release|Any CPU.ActiveCfg = Release|Any CPU
		{68944397-56A6-4073-A331-843513F19943}.Release|Any CPU.Build.0 = Release|Any CPU
		{FDC6D920-1651-4D45-A354-1274F6484AEE}.Debug|Any CPU.ActiveCfg = Debug|Any CPU
		{FDC6D920-1651-4D45-A354-1274F6484AEE}.Debug|Any CPU.Build.0 = Debug|Any CPU
		{FDC6D920-1651-4D45-A354-1274F6484AEE}.Release|Any CPU.ActiveCfg = Release|Any CPU
		{FDC6D920-1651-4D45-A354-1274F6484AEE}.Release|Any CPU.Build.0 = Release|Any CPU
		{3FF515F3-C435-46CB-9CDE-1AA7C0B87725}.Debug|Any CPU.ActiveCfg = Debug|Any CPU
		{3FF515F3-C435-46CB-9CDE-1AA7C0B87725}.Debug|Any CPU.Build.0 = Debug|Any CPU
		{3FF515F3-C435-46CB-9CDE-1AA7C0B87725}.Release|Any CPU.ActiveCfg = Release|Any CPU
		{3FF515F3-C435-46CB-9CDE-1AA7C0B87725}.Release|Any CPU.Build.0 = Release|Any CPU
	EndGlobalSection
	GlobalSection(SolutionProperties) = preSolution
		HideSolutionNode = FALSE
	EndGlobalSection
	GlobalSection(ExtensibilityGlobals) = postSolution
		SolutionGuid = {736F2B69-AC4A-4FD7-B61B-65539C98E31F}
	EndGlobalSection
EndGlobal
