
Microsoft Visual Studio Solution File, Format Version 12.00
# Visual Studio Version 16
VisualStudioVersion = 25.0.1703.5
MinimumVisualStudioVersion = 10.0.40219.1
Project("{FAE04EC0-301F-11D3-BF4B-00C04F79EFBC}") = "helloSoftUni", "helloSoftUni\helloSoftUni.csproj", "{97780795-81E0-4B7F-AD87-3874CBBF1745}"
EndProject
Project("{FAE04EC0-301F-11D3-BF4B-00C04F79EFBC}") = "Nums1To10", "Nums1To10\Nums1To10.csproj", "{5CED5177-0A61-4E16-A28C-245AB0F7F9BF}"
EndProject
Project("{FAE04EC0-301F-11D3-BF4B-00C04F79EFBC}") = "RectangleArea", "RectangleArea\RectangleArea.csproj", "{8C5FA62D-D3F0-48DE-8683-92014F75C0A7}"
EndProject
Global
	GlobalSection(SolutionConfigurationPlatforms) = preSolution
		Debug|Any CPU = Debug|Any CPU
		Release|Any CPU = Release|Any CPU
	EndGlobalSection
	GlobalSection(ProjectConfigurationPlatforms) = postSolution
		{97780795-81E0-4B7F-AD87-3874CBBF1745}.Debug|Any CPU.ActiveCfg = Debug|Any CPU
		{97780795-81E0-4B7F-AD87-3874CBBF1745}.Debug|Any CPU.Build.0 = Debug|Any CPU
		{97780795-81E0-4B7F-AD87-3874CBBF1745}.Release|Any CPU.ActiveCfg = Release|Any CPU
		{97780795-81E0-4B7F-AD87-3874CBBF1745}.Release|Any CPU.Build.0 = Release|Any CPU
		{5CED5177-0A61-4E16-A28C-245AB0F7F9BF}.Debug|Any CPU.ActiveCfg = Debug|Any CPU
		{5CED5177-0A61-4E16-A28C-245AB0F7F9BF}.Debug|Any CPU.Build.0 = Debug|Any CPU
		{5CED5177-0A61-4E16-A28C-245AB0F7F9BF}.Release|Any CPU.ActiveCfg = Release|Any CPU
		{5CED5177-0A61-4E16-A28C-245AB0F7F9BF}.Release|Any CPU.Build.0 = Release|Any CPU
		{8C5FA62D-D3F0-48DE-8683-92014F75C0A7}.Debug|Any CPU.ActiveCfg = Debug|Any CPU
		{8C5FA62D-D3F0-48DE-8683-92014F75C0A7}.Debug|Any CPU.Build.0 = Debug|Any CPU
		{8C5FA62D-D3F0-48DE-8683-92014F75C0A7}.Release|Any CPU.ActiveCfg = Release|Any CPU
		{8C5FA62D-D3F0-48DE-8683-92014F75C0A7}.Release|Any CPU.Build.0 = Release|Any CPU
	EndGlobalSection
	GlobalSection(SolutionProperties) = preSolution
		HideSolutionNode = FALSE
	EndGlobalSection
	GlobalSection(ExtensibilityGlobals) = postSolution
		SolutionGuid = {736F2B69-AC4A-4FD7-B61B-65539C98E31F}
	EndGlobalSection
EndGlobal
